Microsoft Visual Studio Solution File, Format Version 12.00
# Visual Studio Version 17
VisualStudioVersion = 17.13.35818.85
MinimumVisualStudioVersion = 10.0.40219.1
Project("{FAE04EC0-301F-11D3-BF4B-00C04F79EFBC}") = "tpmodul7", "tpmodul7.csproj", "{FAE326A7-AB47-4021-81BB-32CF762CC75D}"
EndProject
Global
	GlobalSection(SolutionConfigurationPlatforms) = preSolution
		Debug|Any CPU = Debug|Any CPU
		Release|Any CPU = Release|Any CPU
	EndGlobalSection
	GlobalSection(ProjectConfigurationPlatforms) = postSolution
		{FAE326A7-AB47-4021-81BB-32CF762CC75D}.Debug|Any CPU.ActiveCfg = Debug|Any CPU
		{FAE326A7-AB47-4021-81BB-32CF762CC75D}.Debug|Any CPU.Build.0 = Debug|Any CPU
		{FAE326A7-AB47-4021-81BB-32CF762CC75D}.Release|Any CPU.ActiveCfg = Release|Any CPU
		{FAE326A7-AB47-4021-81BB-32CF762CC75D}.Release|Any CPU.Build.0 = Release|Any CPU
	EndGlobalSection
	GlobalSection(SolutionProperties) = preSolution
		HideSolutionNode = FALSE
	EndGlobalSection
	GlobalSection(ExtensibilityGlobals) = postSolution
		SolutionGuid = {7E708FAF-AD15-4694-8423-1F6C6904BAC4}
	EndGlobalSection
EndGlobal
